
Microsoft Visual Studio Solution File, Format Version 12.00
# Visual Studio Version 17
VisualStudioVersion = 17.5.33530.505
MinimumVisualStudioVersion = 10.0.40219.1
Project("{FAE04EC0-301F-11D3-BF4B-00C04F79EFBC}") = "HashingExample", "HashingExample\HashingExample.csproj", "{7CB92FF5-6F96-4C5E-9B00-7C31D1E6180C}"
EndProject
Global
	GlobalSection(SolutionConfigurationPlatforms) = preSolution
		Debug|Any CPU = Debug|Any CPU
		Release|Any CPU = Release|Any CPU
	EndGlobalSection
	GlobalSection(ProjectConfigurationPlatforms) = postSolution
		{7CB92FF5-6F96-4C5E-9B00-7C31D1E6180C}.Debug|Any CPU.ActiveCfg = Debug|Any CPU
		{7CB92FF5-6F96-4C5E-9B00-7C31D1E6180C}.Debug|Any CPU.Build.0 = Debug|Any CPU
		{7CB92FF5-6F96-4C5E-9B00-7C31D1E6180C}.Release|Any CPU.ActiveCfg = Release|Any CPU
		{7CB92FF5-6F96-4C5E-9B00-7C31D1E6180C}.Release|Any CPU.Build.0 = Release|Any CPU
	EndGlobalSection
	GlobalSection(SolutionProperties) = preSolution
		HideSolutionNode = FALSE
	EndGlobalSection
	GlobalSection(ExtensibilityGlobals) = postSolution
		SolutionGuid = {C722D162-AC8C-43F6-A7BD-102E17751FF0}
	EndGlobalSection
EndGlobal
